
Microsoft Visual Studio Solution File, Format Version 12.00
# Visual Studio 15
VisualStudioVersion = 15.0.27703.2026
MinimumVisualStudioVersion = 10.0.40219.1
Project("{8BC9CEB8-8B4A-11D0-8D11-00A0C91BC942}") = "Networking", "Networking\Networking.vcxproj", "{00486D5C-4465-48DF-8D37-32F88CD25F13}"
EndProject
Project("{8BC9CEB8-8B4A-11D0-8D11-00A0C91BC942}") = "Client00", "Client00\Client00.vcxproj", "{76BDA7D5-8C85-4E50-AF64-74F19BC22A70}"
	ProjectSection(ProjectDependencies) = postProject
		{00486D5C-4465-48DF-8D37-32F88CD25F13} = {00486D5C-4465-48DF-8D37-32F88CD25F13}
	EndProjectSection
EndProject
Project("{8BC9CEB8-8B4A-11D0-8D11-00A0C91BC942}") = "Server00", "Server00\Server00.vcxproj", "{457764AE-0397-4743-881A-AD4DF304EF0A}"
	ProjectSection(ProjectDependencies) = postProject
		{00486D5C-4465-48DF-8D37-32F88CD25F13} = {00486D5C-4465-48DF-8D37-32F88CD25F13}
	EndProjectSection
EndProject
Global
	GlobalSection(SolutionConfigurationPlatforms) = preSolution
		Debug|x64 = Debug|x64
		Debug|x86 = Debug|x86
		Release|x64 = Release|x64
		Release|x86 = Release|x86
	EndGlobalSection
	GlobalSection(ProjectConfigurationPlatforms) = postSolution
		{00486D5C-4465-48DF-8D37-32F88CD25F13}.Debug|x64.ActiveCfg = Debug|x64
		{00486D5C-4465-48DF-8D37-32F88CD25F13}.Debug|x64.Build.0 = Debug|x64
		{00486D5C-4465-48DF-8D37-32F88CD25F13}.Debug|x86.ActiveCfg = Debug|Win32
		{00486D5C-4465-48DF-8D37-32F88CD25F13}.Debug|x86.Build.0 = Debug|Win32
		{00486D5C-4465-48DF-8D37-32F88CD25F13}.Release|x64.ActiveCfg = Release|x64
		{00486D5C-4465-48DF-8D37-32F88CD25F13}.Release|x64.Build.0 = Release|x64
		{00486D5C-4465-48DF-8D37-32F88CD25F13}.Release|x86.ActiveCfg = Release|Win32
		{00486D5C-4465-48DF-8D37-32F88CD25F13}.Release|x86.Build.0 = Release|Win32
		{76BDA7D5-8C85-4E50-AF64-74F19BC22A70}.Debug|x64.ActiveCfg = Debug|x64
		{76BDA7D5-8C85-4E50-AF64-74F19BC22A70}.Debug|x64.Build.0 = Debug|x64
		{76BDA7D5-8C85-4E50-AF64-74F19BC22A70}.Debug|x86.ActiveCfg = Debug|Win32
		{76BDA7D5-8C85-4E50-AF64-74F19BC22A70}.Debug|x86.Build.0 = Debug|Win32
		{76BDA7D5-8C85-4E50-AF64-74F19BC22A70}.Release|x64.ActiveCfg = Release|x64
		{76BDA7D5-8C85-4E50-AF64-74F19BC22A70}.Release|x64.Build.0 = Release|x64
		{76BDA7D5-8C85-4E50-AF64-74F19BC22A70}.Release|x86.ActiveCfg = Release|Win32
		{76BDA7D5-8C85-4E50-AF64-74F19BC22A70}.Release|x86.Build.0 = Release|Win32
		{457764AE-0397-4743-881A-AD4DF304EF0A}.Debug|x64.ActiveCfg = Debug|x64
		{457764AE-0397-4743-881A-AD4DF304EF0A}.Debug|x64.Build.0 = Debug|x64
		{457764AE-0397-4743-881A-AD4DF304EF0A}.Debug|x86.ActiveCfg = Debug|Win32
		{457764AE-0397-4743-881A-AD4DF304EF0A}.Debug|x86.Build.0 = Debug|Win32
		{457764AE-0397-4743-881A-AD4DF304EF0A}.Release|x64.ActiveCfg = Release|x64
		{457764AE-0397-4743-881A-AD4DF304EF0A}.Release|x64.Build.0 = Release|x64
		{457764AE-0397-4743-881A-AD4DF304EF0A}.Release|x86.ActiveCfg = Release|Win32
		{457764AE-0397-4743-881A-AD4DF304EF0A}.Release|x86.Build.0 = Release|Win32
	EndGlobalSection
	GlobalSection(SolutionProperties) = preSolution
		HideSolutionNode = FALSE
	EndGlobalSection
	GlobalSection(ExtensibilityGlobals) = postSolution
		SolutionGuid = {A95BFB6E-3903-421D-B365-CABDDE94BD2C}
	EndGlobalSection
EndGlobal
